// !$*UTF8*$!
{
	archiveVersion = 1;
	classes = {
	};
	objectVersion = 50;
	objects = {

/* Begin PBXBuildFile section */
		029E00C920DAB081004D6442 /* AppDelegate.swift in Sources */ = {isa = PBXBuildFile; fileRef = 029E00C820DAB081004D6442 /* AppDelegate.swift */; };
		029E00CB20DAB081004D6442 /* ViewController.swift in Sources */ = {isa = PBXBuildFile; fileRef = 029E00CA20DAB081004D6442 /* ViewController.swift */; };
		029E00CE20DAB081004D6442 /* Main.storyboard in Resources */ = {isa = PBXBuildFile; fileRef = 029E00CC20DAB081004D6442 /* Main.storyboard */; };
		029E00D020DAB083004D6442 /* Assets.xcassets in Resources */ = {isa = PBXBuildFile; fileRef = 029E00CF20DAB083004D6442 /* Assets.xcassets */; };
		029E00D320DAB083004D6442 /* LaunchScreen.storyboard in Resources */ = {isa = PBXBuildFile; fileRef = 029E00D120DAB083004D6442 /* LaunchScreen.storyboard */; };
		029E00DC20DAB128004D6442 /* LocalAuthentication.framework in Frameworks */ = {isa = PBXBuildFile; fileRef = 029E00DB20DAB128004D6442 /* LocalAuthentication.framework */; };
		02E7BE7D20E33077001D7DE6 /* ballot_box-blue.svg in Resources */ = {isa = PBXBuildFile; fileRef = 02E7BE7C20E33077001D7DE6 /* ballot_box-blue.svg */; };
		02E7BE7F20E332B8001D7DE6 /* usagov-logo.png in Resources */ = {isa = PBXBuildFile; fileRef = 02E7BE7E20E332B8001D7DE6 /* usagov-logo.png */; };
/* End PBXBuildFile section */

/* Begin PBXFileReference section */
		029E00C520DAB081004D6442 /* Voter.app */ = {isa = PBXFileReference; explicitFileType = wrapper.application; includeInIndex = 0; path = Voter.app; sourceTree = BUILT_PRODUCTS_DIR; };
		029E00C820DAB081004D6442 /* AppDelegate.swift */ = {isa = PBXFileReference; lastKnownFileType = sourcecode.swift; path = AppDelegate.swift; sourceTree = "<group>"; };
		029E00CA20DAB081004D6442 /* ViewController.swift */ = {isa = PBXFileReference; lastKnownFileType = sourcecode.swift; path = ViewController.swift; sourceTree = "<group>"; };
		029E00CD20DAB081004D6442 /* Base */ = {isa = PBXFileReference; lastKnownFileType = file.storyboard; name = Base; path = Base.lproj/Main.storyboard; sourceTree = "<group>"; };
		029E00CF20DAB083004D6442 /* Assets.xcassets */ = {isa = PBXFileReference; lastKnownFileType = folder.assetcatalog; path = Assets.xcassets; sourceTree = "<group>"; };
		029E00D220DAB083004D6442 /* Base */ = {isa = PBXFileReference; lastKnownFileType = file.storyboard; name = Base; path = Base.lproj/LaunchScreen.storyboard; sourceTree = "<group>"; };
		029E00D420DAB083004D6442 /* Info.plist */ = {isa = PBXFileReference; lastKnownFileType = text.plist.xml; path = Info.plist; sourceTree = "<group>"; };
		029E00DB20DAB128004D6442 /* LocalAuthentication.framework */ = {isa = PBXFileReference; lastKnownFileType = wrapper.framework; name = LocalAuthentication.framework; path = System/Library/Frameworks/LocalAuthentication.framework; sourceTree = SDKROOT; };
		02E7BE7C20E33077001D7DE6 /* ballot_box-blue.svg */ = {isa = PBXFileReference; fileEncoding = 4; lastKnownFileType = text.xml; path = "ballot_box-blue.svg"; sourceTree = "<group>"; };
		02E7BE7E20E332B8001D7DE6 /* usagov-logo.png */ = {isa = PBXFileReference; lastKnownFileType = image.png; path = "usagov-logo.png"; sourceTree = "<group>"; };
/* End PBXFileReference section */

/* Begin PBXFrameworksBuildPhase section */
		029E00C220DAB081004D6442 /* Frameworks */ = {
			isa = PBXFrameworksBuildPhase;
			buildActionMask = 2147483647;
			files = (
				029E00DC20DAB128004D6442 /* LocalAuthentication.framework in Frameworks */,
			);
			runOnlyForDeploymentPostprocessing = 0;
		};
/* End PBXFrameworksBuildPhase section */

/* Begin PBXGroup section */
		029E00BC20DAB081004D6442 = {
			isa = PBXGroup;
			children = (
				029E00C720DAB081004D6442 /* Voter */,
				029E00C620DAB081004D6442 /* Products */,
				029E00DA20DAB128004D6442 /* Frameworks */,
			);
			sourceTree = "<group>";
		};
		029E00C620DAB081004D6442 /* Products */ = {
			isa = PBXGroup;
			children = (
				029E00C520DAB081004D6442 /* Voter.app */,
			);
			name = Products;
			sourceTree = "<group>";
		};
		029E00C720DAB081004D6442 /* Voter */ = {
			isa = PBXGroup;
			children = (
				029E00C820DAB081004D6442 /* AppDelegate.swift */,
				029E00CA20DAB081004D6442 /* ViewController.swift */,
				029E00CC20DAB081004D6442 /* Main.storyboard */,
				029E00CF20DAB083004D6442 /* Assets.xcassets */,
				029E00D120DAB083004D6442 /* LaunchScreen.storyboard */,
				029E00D420DAB083004D6442 /* Info.plist */,
				02E7BE7C20E33077001D7DE6 /* ballot_box-blue.svg */,
				02E7BE7E20E332B8001D7DE6 /* usagov-logo.png */,
			);
			path = Voter;
			sourceTree = "<group>";
		};
		029E00DA20DAB128004D6442 /* Frameworks */ = {
			isa = PBXGroup;
			children = (
				029E00DB20DAB128004D6442 /* LocalAuthentication.framework */,
			);
			name = Frameworks;
			sourceTree = "<group>";
		};
/* End PBXGroup section */

/* Begin PBXNativeTarget section */
		029E00C420DAB081004D6442 /* Voter */ = {
			isa = PBXNativeTarget;
			buildConfigurationList = 029E00D720DAB083004D6442 /* Build configuration list for PBXNativeTarget "Voter" */;
			buildPhases = (
				029E00C120DAB081004D6442 /* Sources */,
				029E00C220DAB081004D6442 /* Frameworks */,
				029E00C320DAB081004D6442 /* Resources */,
			);
			buildRules = (
			);
			dependencies = (
			);
			name = Voter;
			productName = Voter;
			productReference = 029E00C520DAB081004D6442 /* Voter.app */;
			productType = "com.apple.product-type.application";
		};
/* End PBXNativeTarget section */

/* Begin PBXProject section */
		029E00BD20DAB081004D6442 /* Project object */ = {
			isa = PBXProject;
			attributes = {
				LastSwiftUpdateCheck = 0940;
				LastUpgradeCheck = 0940;
				ORGANIZATIONNAME = "Alexander Fox";
				TargetAttributes = {
					029E00C420DAB081004D6442 = {
						CreatedOnToolsVersion = 9.4.1;
					};
				};
			};
			buildConfigurationList = 029E00C020DAB081004D6442 /* Build configuration list for PBXProject "Voter" */;
			compatibilityVersion = "Xcode 9.3";
			developmentRegion = en;
			hasScannedForEncodings = 0;
			knownRegions = (
				en,
				Base,
			);
			mainGroup = 029E00BC20DAB081004D6442;
			productRefGroup = 029E00C620DAB081004D6442 /* Products */;
			projectDirPath = "";
			projectRoot = "";
			targets = (
				029E00C420DAB081004D6442 /* Voter */,
			);
		};
/* End PBXProject section */

/* Begin PBXResourcesBuildPhase section */
		029E00C320DAB081004D6442 /* Resources */ = {
			isa = PBXResourcesBuildPhase;
			buildActionMask = 2147483647;
			files = (
				02E7BE7D20E33077001D7DE6 /* ballot_box-blue.svg in Resources */,
				02E7BE7F20E332B8001D7DE6 /* usagov-logo.png in Resources */,
				029E00D320DAB083004D6442 /* LaunchScreen.storyboard in Resources */,
				029E00D020DAB083004D6442 /* Assets.xcassets in Resources */,
				029E00CE20DAB081004D6442 /* Main.storyboard in Resources */,
			);
			runOnlyForDeploymentPostprocessing = 0;
		};
/* End PBXResourcesBuildPhase section */

/* Begin PBXSourcesBuildPhase section */
		029E00C120DAB081004D6442 /* Sources */ = {
			isa = PBXSourcesBuildPhase;
			buildActionMask = 2147483647;
			files = (
				029E00CB20DAB081004D6442 /* ViewController.swift in Sources */,
				029E00C920DAB081004D6442 /* AppDelegate.swift in Sources */,
			);
			runOnlyForDeploymentPostprocessing = 0;
		};
/* End PBXSourcesBuildPhase section */

/* Begin PBXVariantGroup section */
		029E00CC20DAB081004D6442 /* Main.storyboard */ = {
			isa = PBXVariantGroup;
			children = (
				029E00CD20DAB081004D6442 /* Base */,
			);
			name = Main.storyboard;
			sourceTree = "<group>";
		};
		029E00D120DAB083004D6442 /* LaunchScreen.storyboard */ = {
			isa = PBXVariantGroup;
			children = (
				029E00D220DAB083004D6442 /* Base */,
			);
			name = LaunchScreen.storyboard;
			sourceTree = "<group>";
		};
/* End PBXVariantGroup section */

/* Begin XCBuildConfiguration section */
		029E00D520DAB083004D6442 /* Debug */ = {
			isa = XCBuildConfiguration;
			buildSettings = {
				ALWAYS_SEARCH_USER_PATHS = NO;
				CLANG_ANALYZER_NONNULL = YES;
				CLANG_ANALYZER_NUMBER_OBJECT_CONVERSION = YES_AGGRESSIVE;
				CLANG_CXX_LANGUAGE_STANDARD = "gnu++14";
				CLANG_CXX_LIBRARY = "libc++";
				CLANG_ENABLE_MODULES = YES;
				CLANG_ENABLE_OBJC_ARC = YES;
				CLANG_ENABLE_OBJC_WEAK = YES;
				CLANG_WARN_BLOCK_CAPTURE_AUTORELEASING = YES;
				CLANG_WARN_BOOL_CONVERSION = YES;
				CLANG_WARN_COMMA = YES;
				CLANG_WARN_CONSTANT_CONVERSION = YES;
				CLANG_WARN_DEPRECATED_OBJC_IMPLEMENTATIONS = YES;
				CLANG_WARN_DIRECT_OBJC_ISA_USAGE = YES_ERROR;
				CLANG_WARN_DOCUMENTATION_COMMENTS = YES;
				CLANG_WARN_EMPTY_BODY = YES;
				CLANG_WARN_ENUM_CONVERSION = YES;
				CLANG_WARN_INFINITE_RECURSION = YES;
				CLANG_WARN_INT_CONVERSION = YES;
				CLANG_WARN_NON_LITERAL_NULL_CONVERSION = YES;
				CLANG_WARN_OBJC_IMPLICIT_RETAIN_SELF = YES;
				CLANG_WARN_OBJC_LITERAL_CONVERSION = YES;
				CLANG_WARN_OBJC_ROOT_CLASS = YES_ERROR;
				CLANG_WARN_RANGE_LOOP_ANALYSIS = YES;
				CLANG_WARN_STRICT_PROTOTYPES = YES;
				CLANG_WARN_SUSPICIOUS_MOVE = YES;
				CLANG_WARN_UNGUARDED_AVAILABILITY = YES_AGGRESSIVE;
				CLANG_WARN_UNREACHABLE_CODE = YES;
				CLANG_WARN__DUPLICATE_METHOD_MATCH = YES;
				CODE_SIGN_IDENTITY = "iPhone Developer";
				COPY_PHASE_STRIP = NO;
				DEBUG_INFORMATION_FORMAT = dwarf;
				ENABLE_STRICT_OBJC_MSGSEND = YES;
				ENABLE_TESTABILITY = YES;
				GCC_C_LANGUAGE_STANDARD = gnu11;
				GCC_DYNAMIC_NO_PIC = NO;
				GCC_NO_COMMON_BLOCKS = YES;
				GCC_OPTIMIZATION_LEVEL = 0;
				GCC_PREPROCESSOR_DEFINITIONS = (
					"DEBUG=1",
					"$(inherited)",
				);
				GCC_WARN_64_TO_32_BIT_CONVERSION = YES;
				GCC_WARN_ABOUT_RETURN_TYPE = YES_ERROR;
				GCC_WARN_UNDECLARED_SELECTOR = YES;
				GCC_WARN_UNINITIALIZED_AUTOS = YES_AGGRESSIVE;
				GCC_WARN_UNUSED_FUNCTION = YES;
				GCC_WARN_UNUSED_VARIABLE = YES;
				IPHONEOS_DEPLOYMENT_TARGET = 11.4;
				MTL_ENABLE_DEBUG_INFO = YES;
				ONLY_ACTIVE_ARCH = YES;
				SDKROOT = iphoneos;
				SWIFT_ACTIVE_COMPILATION_CONDITIONS = DEBUG;
				SWIFT_OPTIMIZATION_LEVEL = "-Onone";
			};
			name = Debug;
		};
		029E00D620DAB083004D6442 /* Release */ = {
			isa = XCBuildConfiguration;
			buildSettings = {
				ALWAYS_SEARCH_USER_PATHS = NO;
				CLANG_ANALYZER_NONNULL = YES;
				CLANG_ANALYZER_NUMBER_OBJECT_CONVERSION = YES_AGGRESSIVE;
				CLANG_CXX_LANGUAGE_STANDARD = "gnu++14";
				CLANG_CXX_LIBRARY = "libc++";
				CLANG_ENABLE_MODULES = YES;
				CLANG_ENABLE_OBJC_ARC = YES;
				CLANG_ENABLE_OBJC_WEAK = YES;
				CLANG_WARN_BLOCK_CAPTURE_AUTORELEASING = YES;
				CLANG_WARN_BOOL_CONVERSION = YES;
				CLANG_WARN_COMMA = YES;
				CLANG_WARN_CONSTANT_CONVERSION = YES;
				CLANG_WARN_DEPRECATED_OBJC_IMPLEMENTATIONS = YES;
				CLANG_WARN_DIRECT_OBJC_ISA_USAGE = YES_ERROR;
				CLANG_WARN_DOCUMENTATION_COMMENTS = YES;
				CLANG_WARN_EMPTY_BODY = YES;
				CLANG_WARN_ENUM_CONVERSION = YES;
				CLANG_WARN_INFINITE_RECURSION = YES;
				CLANG_WARN_INT_CONVERSION = YES;
				CLANG_WARN_NON_LITERAL_NULL_CONVERSION = YES;
				CLANG_WARN_OBJC_IMPLICIT_RETAIN_SELF = YES;
				CLANG_WARN_OBJC_LITERAL_CONVERSION = YES;
				CLANG_WARN_OBJC_ROOT_CLASS = YES_ERROR;
				CLANG_WARN_RANGE_LOOP_ANALYSIS = YES;
				CLANG_WARN_STRICT_PROTOTYPES = YES;
				CLANG_WARN_SUSPICIOUS_MOVE = YES;
				CLANG_WARN_UNGUARDED_AVAILABILITY = YES_AGGRESSIVE;
				CLANG_WARN_UNREACHABLE_CODE = YES;
				CLANG_WARN__DUPLICATE_METHOD_MATCH = YES;
				CODE_SIGN_IDENTITY = "iPhone Developer";
				COPY_PHASE_STRIP = NO;
				DEBUG_INFORMATION_FORMAT = "dwarf-with-dsym";
				ENABLE_NS_ASSERTIONS = NO;
				ENABLE_STRICT_OBJC_MSGSEND = YES;
				GCC_C_LANGUAGE_STANDARD = gnu11;
				GCC_NO_COMMON_BLOCKS = YES;
				GCC_WARN_64_TO_32_BIT_CONVERSION = YES;
				GCC_WARN_ABOUT_RETURN_TYPE = YES_ERROR;
				GCC_WARN_UNDECLARED_SELECTOR = YES;
				GCC_WARN_UNINITIALIZED_AUTOS = YES_AGGRESSIVE;
				GCC_WARN_UNUSED_FUNCTION = YES;
				GCC_WARN_UNUSED_VARIABLE = YES;
				IPHONEOS_DEPLOYMENT_TARGET = 11.4;
				MTL_ENABLE_DEBUG_INFO = NO;
				SDKROOT = iphoneos;
				SWIFT_COMPILATION_MODE = wholemodule;
				SWIFT_OPTIMIZATION_LEVEL = "-O";
				VALIDATE_PRODUCT = YES;
			};
			name = Release;
		};
		029E00D820DAB083004D6442 /* Debug */ = {
			isa = XCBuildConfiguration;
			buildSettings = {
				ASSETCATALOG_COMPILER_APPICON_NAME = AppIcon;
				CODE_SIGN_STYLE = Automatic;
				DEVELOPMENT_TEAM = MSAG5KPFBE;
				INFOPLIST_FILE = Voter/Info.plist;
				LD_RUNPATH_SEARCH_PATHS = (
					"$(inherited)",
					"@executable_path/Frameworks",
				);
				PRODUCT_BUNDLE_IDENTIFIER = com.foxcraftings.Voter;
				PRODUCT_NAME = "$(TARGET_NAME)";
				SWIFT_VERSION = 4.0;
				TARGETED_DEVICE_FAMILY = "1,2";
			};
			name = Debug;
		};
		029E00D920DAB083004D6442 /* Release */ = {
			isa = XCBuildConfiguration;
			buildSettings = {
				ASSETCATALOG_COMPILER_APPICON_NAME = AppIcon;
				CODE_SIGN_STYLE = Automatic;
				DEVELOPMENT_TEAM = MSAG5KPFBE;
				INFOPLIST_FILE = Voter/Info.plist;
				LD_RUNPATH_SEARCH_PATHS = (
					"$(inherited)",
					"@executable_path/Frameworks",
				);
				PRODUCT_BUNDLE_IDENTIFIER = com.foxcraftings.Voter;
				PRODUCT_NAME = "$(TARGET_NAME)";
				SWIFT_VERSION = 4.0;
				TARGETED_DEVICE_FAMILY = "1,2";
			};
			name = Release;
		};
/* End XCBuildConfiguration section */

/* Begin XCConfigurationList section */
		029E00C020DAB081004D6442 /* Build configuration list for PBXProject "Voter" */ = {
			isa = XCConfigurationList;
			buildConfigurations = (
				029E00D520DAB083004D6442 /* Debug */,
				029E00D620DAB083004D6442 /* Release */,
			);
			defaultConfigurationIsVisible = 0;
			defaultConfigurationName = Release;
		};
		029E00D720DAB083004D6442 /* Build configuration list for PBXNativeTarget "Voter" */ = {
			isa = XCConfigurationList;
			buildConfigurations = (
				029E00D820DAB083004D6442 /* Debug */,
				029E00D920DAB083004D6442 /* Release */,
			);
			defaultConfigurationIsVisible = 0;
			defaultConfigurationName = Release;
		};
/* End XCConfigurationList section */
	};
	rootObject = 029E00BD20DAB081004D6442 /* Project object */;
}
